
Microsoft Visual Studio Solution File, Format Version 12.00
# Visual Studio Version 16
VisualStudioVersion = 16.0.29806.167
MinimumVisualStudioVersion = 10.0.40219.1
Project("{FAE04EC0-301F-11D3-BF4B-00C04F79EFBC}") = "TextEditor", "TextEditor\TextEditor.csproj", "{98EC5934-3C15-43CF-8365-248FAA3BF3BB}"
EndProject
Global
	GlobalSection(SolutionConfigurationPlatforms) = preSolution
		Debug|Any CPU = Debug|Any CPU
		Release|Any CPU = Release|Any CPU
	EndGlobalSection
	GlobalSection(ProjectConfigurationPlatforms) = postSolution
		{98EC5934-3C15-43CF-8365-248FAA3BF3BB}.Debug|Any CPU.ActiveCfg = Debug|Any CPU
		{98EC5934-3C15-43CF-8365-248FAA3BF3BB}.Debug|Any CPU.Build.0 = Debug|Any CPU
		{98EC5934-3C15-43CF-8365-248FAA3BF3BB}.Release|Any CPU.ActiveCfg = Release|Any CPU
		{98EC5934-3C15-43CF-8365-248FAA3BF3BB}.Release|Any CPU.Build.0 = Release|Any CPU
	EndGlobalSection
	GlobalSection(SolutionProperties) = preSolution
		HideSolutionNode = FALSE
	EndGlobalSection
	GlobalSection(ExtensibilityGlobals) = postSolution
		SolutionGuid = {F629F207-C61E-4E81-B315-2D5FC4F05715}
	EndGlobalSection
EndGlobal
