
Microsoft Visual Studio Solution File, Format Version 12.00
# Visual Studio Version 16
VisualStudioVersion = 16.0.29905.134
MinimumVisualStudioVersion = 10.0.40219.1
Project("{FAE04EC0-301F-11D3-BF4B-00C04F79EFBC}") = "WF_01", "WF_01\WF_01.csproj", "{5524BE8D-BF2B-41DA-82E2-41321D1070A5}"
EndProject
Global
	GlobalSection(SolutionConfigurationPlatforms) = preSolution
		Debug|Any CPU = Debug|Any CPU
		Release|Any CPU = Release|Any CPU
	EndGlobalSection
	GlobalSection(ProjectConfigurationPlatforms) = postSolution
		{5524BE8D-BF2B-41DA-82E2-41321D1070A5}.Debug|Any CPU.ActiveCfg = Debug|Any CPU
		{5524BE8D-BF2B-41DA-82E2-41321D1070A5}.Debug|Any CPU.Build.0 = Debug|Any CPU
		{5524BE8D-BF2B-41DA-82E2-41321D1070A5}.Release|Any CPU.ActiveCfg = Release|Any CPU
		{5524BE8D-BF2B-41DA-82E2-41321D1070A5}.Release|Any CPU.Build.0 = Release|Any CPU
	EndGlobalSection
	GlobalSection(SolutionProperties) = preSolution
		HideSolutionNode = FALSE
	EndGlobalSection
	GlobalSection(ExtensibilityGlobals) = postSolution
		SolutionGuid = {B96E65C1-A940-487A-8225-70C066969252}
	EndGlobalSection
EndGlobal
